// !$*UTF8*$!
{
	archiveVersion = 1;
	classes = {
	};
	objectVersion = 50;
	objects = {

/* Begin PBXBuildFile section */
		CC069C6D213FD2870028FA7A /* UserDefaultsPreferences.swift in Sources */ = {isa = PBXBuildFile; fileRef = CC069C6C213FD2870028FA7A /* UserDefaultsPreferences.swift */; };
		CC25634B21359B0100D59D17 /* AppDelegate.swift in Sources */ = {isa = PBXBuildFile; fileRef = CC25634A21359B0100D59D17 /* AppDelegate.swift */; };
		CC25634D21359B0100D59D17 /* ActivityLogDialogController.swift in Sources */ = {isa = PBXBuildFile; fileRef = CC25634C21359B0100D59D17 /* ActivityLogDialogController.swift */; };
		CC25634F21359B0400D59D17 /* Assets.xcassets in Resources */ = {isa = PBXBuildFile; fileRef = CC25634E21359B0400D59D17 /* Assets.xcassets */; };
		CC25635221359B0400D59D17 /* Main.storyboard in Resources */ = {isa = PBXBuildFile; fileRef = CC25635021359B0400D59D17 /* Main.storyboard */; };
		CCB67AFC213DC13000B12646 /* CSVActivityLog.swift in Sources */ = {isa = PBXBuildFile; fileRef = CCB67AFB213DC13000B12646 /* CSVActivityLog.swift */; };
		CCC1BA38213686C900029006 /* Clock.swift in Sources */ = {isa = PBXBuildFile; fileRef = CCC1BA37213686C900029006 /* Clock.swift */; };
		CCC1BA3A2136A64800029006 /* Period.swift in Sources */ = {isa = PBXBuildFile; fileRef = CCC1BA392136A64800029006 /* Period.swift */; };
		CCCA08B8219DD79D00FEB649 /* Activity_Sampling_Tests.swift in Sources */ = {isa = PBXBuildFile; fileRef = CCCA08B7219DD79D00FEB649 /* Activity_Sampling_Tests.swift */; };
		CCCA08C4219DE9D500FEB649 /* PeriodTests.swift in Sources */ = {isa = PBXBuildFile; fileRef = CCCA08C3219DE9D500FEB649 /* PeriodTests.swift */; };
		CCCA08C7219E268200FEB649 /* LICENSE.txt in Resources */ = {isa = PBXBuildFile; fileRef = CCCA08C5219E268200FEB649 /* LICENSE.txt */; };
		CCD9EF84213FC71600DCCDBF /* PreferencesDialogController.swift in Sources */ = {isa = PBXBuildFile; fileRef = CCD9EF83213FC71600DCCDBF /* PreferencesDialogController.swift */; };
		CCE6B29F213818C300941584 /* Activity.swift in Sources */ = {isa = PBXBuildFile; fileRef = CCE6B29E213818C300941584 /* Activity.swift */; };
		CCE88AEF21E264970059531F /* ActivityLog.swift in Sources */ = {isa = PBXBuildFile; fileRef = CCE88AEE21E264970059531F /* ActivityLog.swift */; };
		CCE88AF121E272F60059531F /* Body.swift in Sources */ = {isa = PBXBuildFile; fileRef = CCE88AF021E272F60059531F /* Body.swift */; };
		CCE88AF321E279D60059531F /* Head.swift in Sources */ = {isa = PBXBuildFile; fileRef = CCE88AF221E279D60059531F /* Head.swift */; };
		CCE88AF521E52B4F0059531F /* Preferences.swift in Sources */ = {isa = PBXBuildFile; fileRef = CCE88AF421E52B4F0059531F /* Preferences.swift */; };
		CCECDB3421A5832D00265AE2 /* App.swift in Sources */ = {isa = PBXBuildFile; fileRef = CCECDB3321A5832D00265AE2 /* App.swift */; };
		CCECDB3621A5EE8100265AE2 /* Notifications.swift in Sources */ = {isa = PBXBuildFile; fileRef = CCECDB3521A5EE8100265AE2 /* Notifications.swift */; };
/* End PBXBuildFile section */

/* Begin PBXContainerItemProxy section */
		CCCA08BA219DD79D00FEB649 /* PBXContainerItemProxy */ = {
			isa = PBXContainerItemProxy;
			containerPortal = CC25633F21359B0100D59D17 /* Project object */;
			proxyType = 1;
			remoteGlobalIDString = CC25634621359B0100D59D17;
			remoteInfo = "Activity Sampling";
		};
/* End PBXContainerItemProxy section */

/* Begin PBXFileReference section */
		CC069C6C213FD2870028FA7A /* UserDefaultsPreferences.swift */ = {isa = PBXFileReference; lastKnownFileType = sourcecode.swift; path = UserDefaultsPreferences.swift; sourceTree = "<group>"; };
		CC25634721359B0100D59D17 /* Activity Sampling.app */ = {isa = PBXFileReference; explicitFileType = wrapper.application; includeInIndex = 0; path = "Activity Sampling.app"; sourceTree = BUILT_PRODUCTS_DIR; };
		CC25634A21359B0100D59D17 /* AppDelegate.swift */ = {isa = PBXFileReference; lastKnownFileType = sourcecode.swift; path = AppDelegate.swift; sourceTree = "<group>"; };
		CC25634C21359B0100D59D17 /* ActivityLogDialogController.swift */ = {isa = PBXFileReference; lastKnownFileType = sourcecode.swift; path = ActivityLogDialogController.swift; sourceTree = "<group>"; };
		CC25634E21359B0400D59D17 /* Assets.xcassets */ = {isa = PBXFileReference; lastKnownFileType = folder.assetcatalog; path = Assets.xcassets; sourceTree = "<group>"; };
		CC25635121359B0400D59D17 /* Base */ = {isa = PBXFileReference; lastKnownFileType = file.storyboard; name = Base; path = Base.lproj/Main.storyboard; sourceTree = "<group>"; };
		CC25635321359B0400D59D17 /* Info.plist */ = {isa = PBXFileReference; lastKnownFileType = text.plist.xml; path = Info.plist; sourceTree = "<group>"; };
		CC25635421359B0400D59D17 /* Activity Sampling.entitlements */ = {isa = PBXFileReference; lastKnownFileType = text.plist.entitlements; path = "Activity Sampling.entitlements"; sourceTree = "<group>"; };
		CCB67AFB213DC13000B12646 /* CSVActivityLog.swift */ = {isa = PBXFileReference; lastKnownFileType = sourcecode.swift; path = CSVActivityLog.swift; sourceTree = "<group>"; };
		CCC1BA37213686C900029006 /* Clock.swift */ = {isa = PBXFileReference; lastKnownFileType = sourcecode.swift; path = Clock.swift; sourceTree = "<group>"; };
		CCC1BA392136A64800029006 /* Period.swift */ = {isa = PBXFileReference; lastKnownFileType = sourcecode.swift; path = Period.swift; sourceTree = "<group>"; };
		CCCA08B5219DD79D00FEB649 /* Activity Sampling Tests.xctest */ = {isa = PBXFileReference; explicitFileType = wrapper.cfbundle; includeInIndex = 0; path = "Activity Sampling Tests.xctest"; sourceTree = BUILT_PRODUCTS_DIR; };
		CCCA08B7219DD79D00FEB649 /* Activity_Sampling_Tests.swift */ = {isa = PBXFileReference; lastKnownFileType = sourcecode.swift; path = Activity_Sampling_Tests.swift; sourceTree = "<group>"; };
		CCCA08B9219DD79D00FEB649 /* Info.plist */ = {isa = PBXFileReference; lastKnownFileType = text.plist.xml; path = Info.plist; sourceTree = "<group>"; };
		CCCA08C3219DE9D500FEB649 /* PeriodTests.swift */ = {isa = PBXFileReference; lastKnownFileType = sourcecode.swift; path = PeriodTests.swift; sourceTree = "<group>"; };
		CCCA08C5219E268200FEB649 /* LICENSE.txt */ = {isa = PBXFileReference; fileEncoding = 4; lastKnownFileType = text; path = LICENSE.txt; sourceTree = "<group>"; };
		CCCA08C6219E268200FEB649 /* README.md */ = {isa = PBXFileReference; fileEncoding = 4; lastKnownFileType = net.daringfireball.markdown; path = README.md; sourceTree = "<group>"; };
		CCCA08D8219E274000FEB649 /* architecture.md */ = {isa = PBXFileReference; lastKnownFileType = net.daringfireball.markdown; path = architecture.md; sourceTree = "<group>"; };
		CCCA08D9219E274000FEB649 /* flow-design.graphml */ = {isa = PBXFileReference; lastKnownFileType = text.xml; path = "flow-design.graphml"; sourceTree = "<group>"; };
		CCCA08DA219E274000FEB649 /* context.graphml */ = {isa = PBXFileReference; lastKnownFileType = text.xml; path = context.graphml; sourceTree = "<group>"; };
		CCCA08DB219E274000FEB649 /* context.png */ = {isa = PBXFileReference; lastKnownFileType = image.png; path = context.png; sourceTree = "<group>"; };
		CCCA08DC219E274000FEB649 /* architecture.html */ = {isa = PBXFileReference; lastKnownFileType = text.html; path = architecture.html; sourceTree = "<group>"; };
		CCCA08DD219E274000FEB649 /* flow-design.png */ = {isa = PBXFileReference; lastKnownFileType = image.png; path = "flow-design.png"; sourceTree = "<group>"; };
		CCCA08DE219E274000FEB649 /* user-acceptace-tests.md */ = {isa = PBXFileReference; lastKnownFileType = net.daringfireball.markdown; path = "user-acceptace-tests.md"; sourceTree = "<group>"; };
		CCD9EF83213FC71600DCCDBF /* PreferencesDialogController.swift */ = {isa = PBXFileReference; lastKnownFileType = sourcecode.swift; path = PreferencesDialogController.swift; sourceTree = "<group>"; };
		CCE6B29E213818C300941584 /* Activity.swift */ = {isa = PBXFileReference; lastKnownFileType = sourcecode.swift; path = Activity.swift; sourceTree = "<group>"; };
		CCE88AEE21E264970059531F /* ActivityLog.swift */ = {isa = PBXFileReference; lastKnownFileType = sourcecode.swift; path = ActivityLog.swift; sourceTree = "<group>"; };
		CCE88AF021E272F60059531F /* Body.swift */ = {isa = PBXFileReference; lastKnownFileType = sourcecode.swift; path = Body.swift; sourceTree = "<group>"; };
		CCE88AF221E279D60059531F /* Head.swift */ = {isa = PBXFileReference; lastKnownFileType = sourcecode.swift; path = Head.swift; sourceTree = "<group>"; };
		CCE88AF421E52B4F0059531F /* Preferences.swift */ = {isa = PBXFileReference; lastKnownFileType = sourcecode.swift; path = Preferences.swift; sourceTree = "<group>"; };
		CCECDB3321A5832D00265AE2 /* App.swift */ = {isa = PBXFileReference; lastKnownFileType = sourcecode.swift; path = App.swift; sourceTree = "<group>"; };
		CCECDB3521A5EE8100265AE2 /* Notifications.swift */ = {isa = PBXFileReference; lastKnownFileType = sourcecode.swift; path = Notifications.swift; sourceTree = "<group>"; };
/* End PBXFileReference section */

/* Begin PBXFrameworksBuildPhase section */
		CC25634421359B0100D59D17 /* Frameworks */ = {
			isa = PBXFrameworksBuildPhase;
			buildActionMask = 2147483647;
			files = (
			);
			runOnlyForDeploymentPostprocessing = 0;
		};
		CCCA08B2219DD79D00FEB649 /* Frameworks */ = {
			isa = PBXFrameworksBuildPhase;
			buildActionMask = 2147483647;
			files = (
			);
			runOnlyForDeploymentPostprocessing = 0;
		};
/* End PBXFrameworksBuildPhase section */

/* Begin PBXGroup section */
		CC25633E21359B0100D59D17 = {
			isa = PBXGroup;
			children = (
				CCCA08C6219E268200FEB649 /* README.md */,
				CCCA08C5219E268200FEB649 /* LICENSE.txt */,
				CCCA08D7219E271A00FEB649 /* doc */,
				CC25634921359B0100D59D17 /* Activity Sampling */,
				CCCA08B6219DD79D00FEB649 /* Activity Sampling Tests */,
				CC25634821359B0100D59D17 /* Products */,
			);
			sourceTree = "<group>";
		};
		CC25634821359B0100D59D17 /* Products */ = {
			isa = PBXGroup;
			children = (
				CC25634721359B0100D59D17 /* Activity Sampling.app */,
				CCCA08B5219DD79D00FEB649 /* Activity Sampling Tests.xctest */,
			);
			name = Products;
			sourceTree = "<group>";
		};
		CC25634921359B0100D59D17 /* Activity Sampling */ = {
			isa = PBXGroup;
			children = (
				CCB67AF621392BF700B12646 /* Domain */,
				CCB67AF721392D4300B12646 /* Portals */,
				CCB67AFA213DC10200B12646 /* Providers */,
				CCE88AF221E279D60059531F /* Head.swift */,
				CC25634A21359B0100D59D17 /* AppDelegate.swift */,
				CCECDB3321A5832D00265AE2 /* App.swift */,
				CC25634E21359B0400D59D17 /* Assets.xcassets */,
				CC25635021359B0400D59D17 /* Main.storyboard */,
				CC25635321359B0400D59D17 /* Info.plist */,
				CC25635421359B0400D59D17 /* Activity Sampling.entitlements */,
			);
			path = "Activity Sampling";
			sourceTree = "<group>";
		};
		CCB67AF621392BF700B12646 /* Domain */ = {
			isa = PBXGroup;
			children = (
				CCE88AF021E272F60059531F /* Body.swift */,
				CCC1BA392136A64800029006 /* Period.swift */,
				CCE6B29E213818C300941584 /* Activity.swift */,
				CCE88AEE21E264970059531F /* ActivityLog.swift */,
				CCE88AF421E52B4F0059531F /* Preferences.swift */,
			);
			path = Domain;
			sourceTree = "<group>";
		};
		CCB67AF721392D4300B12646 /* Portals */ = {
			isa = PBXGroup;
			children = (
				CCC1BA37213686C900029006 /* Clock.swift */,
				CC25634C21359B0100D59D17 /* ActivityLogDialogController.swift */,
				CCD9EF83213FC71600DCCDBF /* PreferencesDialogController.swift */,
				CCECDB3521A5EE8100265AE2 /* Notifications.swift */,
			);
			path = Portals;
			sourceTree = "<group>";
		};
		CCB67AFA213DC10200B12646 /* Providers */ = {
			isa = PBXGroup;
			children = (
				CCB67AFB213DC13000B12646 /* CSVActivityLog.swift */,
				CC069C6C213FD2870028FA7A /* UserDefaultsPreferences.swift */,
			);
			path = Providers;
			sourceTree = "<group>";
		};
		CCCA08B6219DD79D00FEB649 /* Activity Sampling Tests */ = {
			isa = PBXGroup;
			children = (
				CCCA08C2219DE9BF00FEB649 /* Domain */,
				CCCA08B7219DD79D00FEB649 /* Activity_Sampling_Tests.swift */,
				CCCA08B9219DD79D00FEB649 /* Info.plist */,
			);
			path = "Activity Sampling Tests";
			sourceTree = "<group>";
		};
		CCCA08C2219DE9BF00FEB649 /* Domain */ = {
			isa = PBXGroup;
			children = (
				CCCA08C3219DE9D500FEB649 /* PeriodTests.swift */,
			);
			path = Domain;
			sourceTree = "<group>";
		};
		CCCA08D7219E271A00FEB649 /* doc */ = {
			isa = PBXGroup;
			children = (
				CCCA08DC219E274000FEB649 /* architecture.html */,
				CCCA08D8219E274000FEB649 /* architecture.md */,
				CCCA08DA219E274000FEB649 /* context.graphml */,
				CCCA08DB219E274000FEB649 /* context.png */,
				CCCA08D9219E274000FEB649 /* flow-design.graphml */,
				CCCA08DD219E274000FEB649 /* flow-design.png */,
				CCCA08DE219E274000FEB649 /* user-acceptace-tests.md */,
			);
			path = doc;
			sourceTree = "<group>";
		};
/* End PBXGroup section */

/* Begin PBXNativeTarget section */
		CC25634621359B0100D59D17 /* Activity Sampling */ = {
			isa = PBXNativeTarget;
			buildConfigurationList = CC25635721359B0400D59D17 /* Build configuration list for PBXNativeTarget "Activity Sampling" */;
			buildPhases = (
				CC25634321359B0100D59D17 /* Sources */,
				CC25634421359B0100D59D17 /* Frameworks */,
				CC25634521359B0100D59D17 /* Resources */,
			);
			buildRules = (
			);
			dependencies = (
			);
			name = "Activity Sampling";
			productName = "Activity Sampling";
			productReference = CC25634721359B0100D59D17 /* Activity Sampling.app */;
			productType = "com.apple.product-type.application";
		};
		CCCA08B4219DD79D00FEB649 /* Activity Sampling Tests */ = {
			isa = PBXNativeTarget;
			buildConfigurationList = CCCA08BC219DD79D00FEB649 /* Build configuration list for PBXNativeTarget "Activity Sampling Tests" */;
			buildPhases = (
				CCCA08B1219DD79D00FEB649 /* Sources */,
				CCCA08B2219DD79D00FEB649 /* Frameworks */,
				CCCA08B3219DD79D00FEB649 /* Resources */,
			);
			buildRules = (
			);
			dependencies = (
				CCCA08BB219DD79D00FEB649 /* PBXTargetDependency */,
			);
			name = "Activity Sampling Tests";
			productName = "Activity Sampling Tests";
			productReference = CCCA08B5219DD79D00FEB649 /* Activity Sampling Tests.xctest */;
			productType = "com.apple.product-type.bundle.unit-test";
		};
/* End PBXNativeTarget section */

/* Begin PBXProject section */
		CC25633F21359B0100D59D17 /* Project object */ = {
			isa = PBXProject;
			attributes = {
				LastSwiftUpdateCheck = 1010;
				LastUpgradeCheck = 0940;
				ORGANIZATIONNAME = "Falko Schumann";
				TargetAttributes = {
					CC25634621359B0100D59D17 = {
						CreatedOnToolsVersion = 9.4.1;
						LastSwiftMigration = 1010;
						SystemCapabilities = {
							com.apple.Sandbox = {
								enabled = 1;
							};
						};
					};
					CCCA08B4219DD79D00FEB649 = {
						CreatedOnToolsVersion = 10.1;
						TestTargetID = CC25634621359B0100D59D17;
					};
				};
			};
			buildConfigurationList = CC25634221359B0100D59D17 /* Build configuration list for PBXProject "Activity Sampling" */;
			compatibilityVersion = "Xcode 9.3";
			developmentRegion = en;
			hasScannedForEncodings = 0;
			knownRegions = (
				en,
				Base,
			);
			mainGroup = CC25633E21359B0100D59D17;
			productRefGroup = CC25634821359B0100D59D17 /* Products */;
			projectDirPath = "";
			projectRoot = "";
			targets = (
				CC25634621359B0100D59D17 /* Activity Sampling */,
				CCCA08B4219DD79D00FEB649 /* Activity Sampling Tests */,
			);
		};
/* End PBXProject section */

/* Begin PBXResourcesBuildPhase section */
		CC25634521359B0100D59D17 /* Resources */ = {
			isa = PBXResourcesBuildPhase;
			buildActionMask = 2147483647;
			files = (
				CCCA08C7219E268200FEB649 /* LICENSE.txt in Resources */,
				CC25634F21359B0400D59D17 /* Assets.xcassets in Resources */,
				CC25635221359B0400D59D17 /* Main.storyboard in Resources */,
			);
			runOnlyForDeploymentPostprocessing = 0;
		};
		CCCA08B3219DD79D00FEB649 /* Resources */ = {
			isa = PBXResourcesBuildPhase;
			buildActionMask = 2147483647;
			files = (
			);
			runOnlyForDeploymentPostprocessing = 0;
		};
/* End PBXResourcesBuildPhase section */

/* Begin PBXSourcesBuildPhase section */
		CC25634321359B0100D59D17 /* Sources */ = {
			isa = PBXSourcesBuildPhase;
			buildActionMask = 2147483647;
			files = (
				CCE6B29F213818C300941584 /* Activity.swift in Sources */,
				CCB67AFC213DC13000B12646 /* CSVActivityLog.swift in Sources */,
				CCECDB3621A5EE8100265AE2 /* Notifications.swift in Sources */,
				CCE88AF121E272F60059531F /* Body.swift in Sources */,
				CCC1BA38213686C900029006 /* Clock.swift in Sources */,
				CCE88AF321E279D60059531F /* Head.swift in Sources */,
				CCD9EF84213FC71600DCCDBF /* PreferencesDialogController.swift in Sources */,
				CCE88AEF21E264970059531F /* ActivityLog.swift in Sources */,
				CCE88AF521E52B4F0059531F /* Preferences.swift in Sources */,
				CC069C6D213FD2870028FA7A /* UserDefaultsPreferences.swift in Sources */,
				CC25634D21359B0100D59D17 /* ActivityLogDialogController.swift in Sources */,
				CCC1BA3A2136A64800029006 /* Period.swift in Sources */,
				CCECDB3421A5832D00265AE2 /* App.swift in Sources */,
				CC25634B21359B0100D59D17 /* AppDelegate.swift in Sources */,
			);
			runOnlyForDeploymentPostprocessing = 0;
		};
		CCCA08B1219DD79D00FEB649 /* Sources */ = {
			isa = PBXSourcesBuildPhase;
			buildActionMask = 2147483647;
			files = (
				CCCA08C4219DE9D500FEB649 /* PeriodTests.swift in Sources */,
				CCCA08B8219DD79D00FEB649 /* Activity_Sampling_Tests.swift in Sources */,
			);
			runOnlyForDeploymentPostprocessing = 0;
		};
/* End PBXSourcesBuildPhase section */

/* Begin PBXTargetDependency section */
		CCCA08BB219DD79D00FEB649 /* PBXTargetDependency */ = {
			isa = PBXTargetDependency;
			target = CC25634621359B0100D59D17 /* Activity Sampling */;
			targetProxy = CCCA08BA219DD79D00FEB649 /* PBXContainerItemProxy */;
		};
/* End PBXTargetDependency section */

/* Begin PBXVariantGroup section */
		CC25635021359B0400D59D17 /* Main.storyboard */ = {
			isa = PBXVariantGroup;
			children = (
				CC25635121359B0400D59D17 /* Base */,
			);
			name = Main.storyboard;
			sourceTree = "<group>";
		};
/* End PBXVariantGroup section */

/* Begin XCBuildConfiguration section */
		CC25635521359B0400D59D17 /* Debug */ = {
			isa = XCBuildConfiguration;
			buildSettings = {
				ALWAYS_SEARCH_USER_PATHS = NO;
				CLANG_ANALYZER_NONNULL = YES;
				CLANG_ANALYZER_NUMBER_OBJECT_CONVERSION = YES_AGGRESSIVE;
				CLANG_CXX_LANGUAGE_STANDARD = "gnu++14";
				CLANG_CXX_LIBRARY = "libc++";
				CLANG_ENABLE_MODULES = YES;
				CLANG_ENABLE_OBJC_ARC = YES;
				CLANG_ENABLE_OBJC_WEAK = YES;
				CLANG_WARN_BLOCK_CAPTURE_AUTORELEASING = YES;
				CLANG_WARN_BOOL_CONVERSION = YES;
				CLANG_WARN_COMMA = YES;
				CLANG_WARN_CONSTANT_CONVERSION = YES;
				CLANG_WARN_DEPRECATED_OBJC_IMPLEMENTATIONS = YES;
				CLANG_WARN_DIRECT_OBJC_ISA_USAGE = YES_ERROR;
				CLANG_WARN_DOCUMENTATION_COMMENTS = YES;
				CLANG_WARN_EMPTY_BODY = YES;
				CLANG_WARN_ENUM_CONVERSION = YES;
				CLANG_WARN_INFINITE_RECURSION = YES;
				CLANG_WARN_INT_CONVERSION = YES;
				CLANG_WARN_NON_LITERAL_NULL_CONVERSION = YES;
				CLANG_WARN_OBJC_IMPLICIT_RETAIN_SELF = YES;
				CLANG_WARN_OBJC_LITERAL_CONVERSION = YES;
				CLANG_WARN_OBJC_ROOT_CLASS = YES_ERROR;
				CLANG_WARN_RANGE_LOOP_ANALYSIS = YES;
				CLANG_WARN_STRICT_PROTOTYPES = YES;
				CLANG_WARN_SUSPICIOUS_MOVE = YES;
				CLANG_WARN_UNGUARDED_AVAILABILITY = YES_AGGRESSIVE;
				CLANG_WARN_UNREACHABLE_CODE = YES;
				CLANG_WARN__DUPLICATE_METHOD_MATCH = YES;
				CODE_SIGN_IDENTITY = "Mac Developer";
				COPY_PHASE_STRIP = NO;
				DEBUG_INFORMATION_FORMAT = dwarf;
				ENABLE_STRICT_OBJC_MSGSEND = YES;
				ENABLE_TESTABILITY = YES;
				GCC_C_LANGUAGE_STANDARD = gnu11;
				GCC_DYNAMIC_NO_PIC = NO;
				GCC_NO_COMMON_BLOCKS = YES;
				GCC_OPTIMIZATION_LEVEL = 0;
				GCC_PREPROCESSOR_DEFINITIONS = (
					"DEBUG=1",
					"$(inherited)",
				);
				GCC_WARN_64_TO_32_BIT_CONVERSION = YES;
				GCC_WARN_ABOUT_RETURN_TYPE = YES_ERROR;
				GCC_WARN_UNDECLARED_SELECTOR = YES;
				GCC_WARN_UNINITIALIZED_AUTOS = YES_AGGRESSIVE;
				GCC_WARN_UNUSED_FUNCTION = YES;
				GCC_WARN_UNUSED_VARIABLE = YES;
				MACOSX_DEPLOYMENT_TARGET = 10.12;
				MTL_ENABLE_DEBUG_INFO = YES;
				ONLY_ACTIVE_ARCH = YES;
				SDKROOT = macosx;
				SWIFT_ACTIVE_COMPILATION_CONDITIONS = DEBUG;
				SWIFT_OPTIMIZATION_LEVEL = "-Onone";
			};
			name = Debug;
		};
		CC25635621359B0400D59D17 /* Release */ = {
			isa = XCBuildConfiguration;
			buildSettings = {
				ALWAYS_SEARCH_USER_PATHS = NO;
				CLANG_ANALYZER_NONNULL = YES;
				CLANG_ANALYZER_NUMBER_OBJECT_CONVERSION = YES_AGGRESSIVE;
				CLANG_CXX_LANGUAGE_STANDARD = "gnu++14";
				CLANG_CXX_LIBRARY = "libc++";
				CLANG_ENABLE_MODULES = YES;
				CLANG_ENABLE_OBJC_ARC = YES;
				CLANG_ENABLE_OBJC_WEAK = YES;
				CLANG_WARN_BLOCK_CAPTURE_AUTORELEASING = YES;
				CLANG_WARN_BOOL_CONVERSION = YES;
				CLANG_WARN_COMMA = YES;
				CLANG_WARN_CONSTANT_CONVERSION = YES;
				CLANG_WARN_DEPRECATED_OBJC_IMPLEMENTATIONS = YES;
				CLANG_WARN_DIRECT_OBJC_ISA_USAGE = YES_ERROR;
				CLANG_WARN_DOCUMENTATION_COMMENTS = YES;
				CLANG_WARN_EMPTY_BODY = YES;
				CLANG_WARN_ENUM_CONVERSION = YES;
				CLANG_WARN_INFINITE_RECURSION = YES;
				CLANG_WARN_INT_CONVERSION = YES;
				CLANG_WARN_NON_LITERAL_NULL_CONVERSION = YES;
				CLANG_WARN_OBJC_IMPLICIT_RETAIN_SELF = YES;
				CLANG_WARN_OBJC_LITERAL_CONVERSION = YES;
				CLANG_WARN_OBJC_ROOT_CLASS = YES_ERROR;
				CLANG_WARN_RANGE_LOOP_ANALYSIS = YES;
				CLANG_WARN_STRICT_PROTOTYPES = YES;
				CLANG_WARN_SUSPICIOUS_MOVE = YES;
				CLANG_WARN_UNGUARDED_AVAILABILITY = YES_AGGRESSIVE;
				CLANG_WARN_UNREACHABLE_CODE = YES;
				CLANG_WARN__DUPLICATE_METHOD_MATCH = YES;
				CODE_SIGN_IDENTITY = "Mac Developer";
				COPY_PHASE_STRIP = NO;
				DEBUG_INFORMATION_FORMAT = "dwarf-with-dsym";
				ENABLE_NS_ASSERTIONS = NO;
				ENABLE_STRICT_OBJC_MSGSEND = YES;
				GCC_C_LANGUAGE_STANDARD = gnu11;
				GCC_NO_COMMON_BLOCKS = YES;
				GCC_WARN_64_TO_32_BIT_CONVERSION = YES;
				GCC_WARN_ABOUT_RETURN_TYPE = YES_ERROR;
				GCC_WARN_UNDECLARED_SELECTOR = YES;
				GCC_WARN_UNINITIALIZED_AUTOS = YES_AGGRESSIVE;
				GCC_WARN_UNUSED_FUNCTION = YES;
				GCC_WARN_UNUSED_VARIABLE = YES;
				MACOSX_DEPLOYMENT_TARGET = 10.12;
				MTL_ENABLE_DEBUG_INFO = NO;
				SDKROOT = macosx;
				SWIFT_COMPILATION_MODE = wholemodule;
				SWIFT_OPTIMIZATION_LEVEL = "-O";
			};
			name = Release;
		};
		CC25635821359B0400D59D17 /* Debug */ = {
			isa = XCBuildConfiguration;
			buildSettings = {
				ASSETCATALOG_COMPILER_APPICON_NAME = AppIcon;
				CODE_SIGN_ENTITLEMENTS = "Activity Sampling/Activity Sampling.entitlements";
				CODE_SIGN_STYLE = Automatic;
				COMBINE_HIDPI_IMAGES = YES;
				DEVELOPMENT_TEAM = QC6EN37P56;
				INFOPLIST_FILE = "Activity Sampling/Info.plist";
				LD_RUNPATH_SEARCH_PATHS = (
					"$(inherited)",
					"@executable_path/../Frameworks",
				);
				PRODUCT_BUNDLE_IDENTIFIER = "de.muspellheim.Activity-Sampling";
				PRODUCT_NAME = "$(TARGET_NAME)";
				SWIFT_VERSION = 4.2;
			};
			name = Debug;
		};
		CC25635921359B0400D59D17 /* Release */ = {
			isa = XCBuildConfiguration;
			buildSettings = {
				ASSETCATALOG_COMPILER_APPICON_NAME = AppIcon;
				CODE_SIGN_ENTITLEMENTS = "Activity Sampling/Activity Sampling.entitlements";
				CODE_SIGN_STYLE = Automatic;
				COMBINE_HIDPI_IMAGES = YES;
				DEVELOPMENT_TEAM = QC6EN37P56;
				INFOPLIST_FILE = "Activity Sampling/Info.plist";
				LD_RUNPATH_SEARCH_PATHS = (
					"$(inherited)",
					"@executable_path/../Frameworks",
				);
				PRODUCT_BUNDLE_IDENTIFIER = "de.muspellheim.Activity-Sampling";
				PRODUCT_NAME = "$(TARGET_NAME)";
				SWIFT_VERSION = 4.2;
			};
			name = Release;
		};
		CCCA08BD219DD79D00FEB649 /* Debug */ = {
			isa = XCBuildConfiguration;
			buildSettings = {
				BUNDLE_LOADER = "$(TEST_HOST)";
				CODE_SIGN_STYLE = Automatic;
				COMBINE_HIDPI_IMAGES = YES;
				DEVELOPMENT_TEAM = QC6EN37P56;
				INFOPLIST_FILE = "Activity Sampling Tests/Info.plist";
				LD_RUNPATH_SEARCH_PATHS = (
					"$(inherited)",
					"@executable_path/../Frameworks",
					"@loader_path/../Frameworks",
				);
				MACOSX_DEPLOYMENT_TARGET = 10.14;
				MTL_ENABLE_DEBUG_INFO = INCLUDE_SOURCE;
				MTL_FAST_MATH = YES;
				PRODUCT_BUNDLE_IDENTIFIER = "de.muspellheim.Activity-Sampling-Tests";
				PRODUCT_NAME = "$(TARGET_NAME)";
				SWIFT_VERSION = 4.2;
				TEST_HOST = "$(BUILT_PRODUCTS_DIR)/Activity Sampling.app/Contents/MacOS/Activity Sampling";
			};
			name = Debug;
		};
		CCCA08BE219DD79D00FEB649 /* Release */ = {
			isa = XCBuildConfiguration;
			buildSettings = {
				BUNDLE_LOADER = "$(TEST_HOST)";
				CODE_SIGN_STYLE = Automatic;
				COMBINE_HIDPI_IMAGES = YES;
				DEVELOPMENT_TEAM = QC6EN37P56;
				INFOPLIST_FILE = "Activity Sampling Tests/Info.plist";
				LD_RUNPATH_SEARCH_PATHS = (
					"$(inherited)",
					"@executable_path/../Frameworks",
					"@loader_path/../Frameworks",
				);
				MACOSX_DEPLOYMENT_TARGET = 10.14;
				MTL_FAST_MATH = YES;
				PRODUCT_BUNDLE_IDENTIFIER = "de.muspellheim.Activity-Sampling-Tests";
				PRODUCT_NAME = "$(TARGET_NAME)";
				SWIFT_VERSION = 4.2;
				TEST_HOST = "$(BUILT_PRODUCTS_DIR)/Activity Sampling.app/Contents/MacOS/Activity Sampling";
			};
			name = Release;
		};
/* End XCBuildConfiguration section */

/* Begin XCConfigurationList section */
		CC25634221359B0100D59D17 /* Build configuration list for PBXProject "Activity Sampling" */ = {
			isa = XCConfigurationList;
			buildConfigurations = (
				CC25635521359B0400D59D17 /* Debug */,
				CC25635621359B0400D59D17 /* Release */,
			);
			defaultConfigurationIsVisible = 0;
			defaultConfigurationName = Release;
		};
		CC25635721359B0400D59D17 /* Build configuration list for PBXNativeTarget "Activity Sampling" */ = {
			isa = XCConfigurationList;
			buildConfigurations = (
				CC25635821359B0400D59D17 /* Debug */,
				CC25635921359B0400D59D17 /* Release */,
			);
			defaultConfigurationIsVisible = 0;
			defaultConfigurationName = Release;
		};
		CCCA08BC219DD79D00FEB649 /* Build configuration list for PBXNativeTarget "Activity Sampling Tests" */ = {
			isa = XCConfigurationList;
			buildConfigurations = (
				CCCA08BD219DD79D00FEB649 /* Debug */,
				CCCA08BE219DD79D00FEB649 /* Release */,
			);
			defaultConfigurationIsVisible = 0;
			defaultConfigurationName = Release;
		};
/* End XCConfigurationList section */
	};
	rootObject = CC25633F21359B0100D59D17 /* Project object */;
}
